{
  "version": 4,
  "terraform_version": "1.0.8",
  "serial": 10,
  "lineage": "7e3748d5-a922-5c82-eb34-f65160535807",
  "outputs": {},
  "resources": [
    {
      "mode": "data",
      "type": "vsphere_datacenter",
      "name": "datacenter",
      "provider": "provider[\"registry.terraform.io/hashicorp/vsphere\"]",
      "instances": [
        {
          "schema_version": 0,
          "attributes": {
            "id": "ha-datacenter",
            "name": "dc1"
          },
          "sensitive_attributes": []
        }
      ]
    },
    {
      "mode": "data",
      "type": "vsphere_host",
      "name": "host",
      "provider": "provider[\"registry.terraform.io/hashicorp/vsphere\"]",
      "instances": [
        {
          "schema_version": 0,
          "attributes": {
            "datacenter_id": "ha-datacenter",
            "id": "ha-host",
            "name": "esxi1",
            "resource_pool_id": "ha-root-pool"
          },
          "sensitive_attributes": []
        }
      ]
    },
    {
      "mode": "managed",
      "type": "vsphere_host_port_group",
      "name": "pg",
      "provider": "provider[\"registry.terraform.io/hashicorp/vsphere\"]",
      "instances": [
        {
          "schema_version": 0,
          "attributes": {
            "active_nics": null,
            "allow_forged_transmits": null,
            "allow_mac_changes": null,
            "allow_promiscuous": null,
            "check_beacon": null,
            "computed_policy": {
              "active_nics.#": "2",
              "active_nics.0": "vmnic1",
              "active_nics.1": "vmnic2",
              "allow_forged_transmits": "true",
              "allow_mac_changes": "true",
              "allow_promiscuous": "false",
              "check_beacon": "false",
              "failback": "true",
              "notify_switches": "true",
              "shaping_average_bandwidth": "0",
              "shaping_burst_size": "0",
              "shaping_enabled": "false",
              "shaping_peak_bandwidth": "0",
              "standby_nics.#": "0",
              "teaming_policy": "loadbalance_srcid"
            },
            "failback": null,
            "host_system_id": "ha-host",
            "id": "tf-HostPortGroup:ha-host:terraform-test-pg",
            "key": "key-vim.host.PortGroup-terraform-test-pg",
            "name": "terraform-test-pg",
            "notify_switches": null,
            "ports": [],
            "shaping_average_bandwidth": 0,
            "shaping_burst_size": 0,
            "shaping_enabled": null,
            "shaping_peak_bandwidth": 0,
            "standby_nics": null,
            "teaming_policy": "",
            "virtual_switch_name": "vSwitchTerraformTest",
            "vlan_id": 1000
          },
          "sensitive_attributes": [],
          "private": "bnVsbA==",
          "dependencies": [
            "data.vsphere_host.host",
            "vsphere_host_virtual_switch.switch"
          ]
        }
      ]
    },
    {
      "mode": "managed",
      "type": "vsphere_host_virtual_switch",
      "name": "switch",
      "provider": "provider[\"registry.terraform.io/hashicorp/vsphere\"]",
      "instances": [
        {
          "schema_version": 0,
          "attributes": {
            "active_nics": [
              "vmnic1",
              "vmnic2"
            ],
            "allow_forged_transmits": true,
            "allow_mac_changes": true,
            "allow_promiscuous": false,
            "beacon_interval": 1,
            "check_beacon": false,
            "failback": true,
            "host_system_id": "ha-host",
            "id": "tf-HostVirtualSwitch:ha-host:vSwitchTerraformTest",
            "link_discovery_operation": "listen",
            "link_discovery_protocol": "cdp",
            "mtu": 1500,
            "name": "vSwitchTerraformTest",
            "network_adapters": [
              "vmnic1",
              "vmnic2"
            ],
            "notify_switches": true,
            "number_of_ports": 128,
            "shaping_average_bandwidth": 0,
            "shaping_burst_size": 0,
            "shaping_enabled": false,
            "shaping_peak_bandwidth": 0,
            "standby_nics": [],
            "teaming_policy": "loadbalance_srcid"
          },
          "sensitive_attributes": [],
          "private": "bnVsbA==",
          "dependencies": [
            "data.vsphere_host.host"
          ]
        }
      ]
    }
  ]
}
